
Microsoft Visual Studio Solution File, Format Version 12.00
# Visual Studio Version 17
VisualStudioVersion = 17.2.32516.85
MinimumVisualStudioVersion = 10.0.40219.1
Project("{FAE04EC0-301F-11D3-BF4B-00C04F79EFBC}") = "TP02", "TP02\TP02.csproj", "{0BC5FEFA-8C03-4D05-89E1-FBEAF83507E7}"
EndProject
Global
	GlobalSection(SolutionConfigurationPlatforms) = preSolution
		Debug|Any CPU = Debug|Any CPU
		Release|Any CPU = Release|Any CPU
	EndGlobalSection
	GlobalSection(ProjectConfigurationPlatforms) = postSolution
		{0BC5FEFA-8C03-4D05-89E1-FBEAF83507E7}.Debug|Any CPU.ActiveCfg = Debug|Any CPU
		{0BC5FEFA-8C03-4D05-89E1-FBEAF83507E7}.Debug|Any CPU.Build.0 = Debug|Any CPU
		{0BC5FEFA-8C03-4D05-89E1-FBEAF83507E7}.Release|Any CPU.ActiveCfg = Release|Any CPU
		{0BC5FEFA-8C03-4D05-89E1-FBEAF83507E7}.Release|Any CPU.Build.0 = Release|Any CPU
	EndGlobalSection
	GlobalSection(SolutionProperties) = preSolution
		HideSolutionNode = FALSE
	EndGlobalSection
	GlobalSection(ExtensibilityGlobals) = postSolution
		SolutionGuid = {C205CA6E-AD3F-4A7E-A19C-BB5D9448E2D6}
	EndGlobalSection
EndGlobal
